<?xml version="1.0" encoding="utf-8"?>
<Project ToolsVersion="4.0" xmlns="http://schemas.microsoft.com/developer/msbuild/2003">
  <ItemGroup>
    <ClCompile Include="commands\CancellationCommand.cpp" />
    <ClCompile Include="commands\FormulationCommand.cpp" />
    <ClCompile Include="commands\PromotionCommand.cpp" />
    <ClCompile Include="Data-Structures\DataStructureDefinitions.cpp" />
    <ClCompile Include="Data-Structures\DoublyLinkedList.cpp" />
    <ClCompile Include="Data-Structures\doublyNode.cpp" />
    <ClCompile Include="Data-Structures\HeapNode.cpp" />
    <ClCompile Include="Data-Structures\Keyable.cpp" />
    <ClCompile Include="Data-Structures\MaxHeap.cpp" />
    <ClCompile Include="Data-Structures\Queue.cpp" />
    <ClCompile Include="Data-Structures\Node.cpp" />
    <ClCompile Include="Data-Structures\SortedLinkedList.cpp" />
    <ClCompile Include="Data-Structures\Vector.cpp" />
    <ClCompile Include="IO\ConsoleOutputDevice.cpp" />
    <ClCompile Include="IO\ConsoleOutputDevice.h" />
    <ClCompile Include="IO\FileInputDevice.cpp" />
    <ClCompile Include="IO\InteractiveConsoleBehaviou.cpp" />
    <ClCompile Include="IO\OutputProcessingUnit.cpp" />
    <ClCompile Include="IO\SilentConsoleBehaviou.cpp" />
    <ClCompile Include="IO\StepConsoleBehaviou.cpp" />
    <ClCompile Include="IO\TestGenerator.cpp" />
    <ClCompile Include="main.cpp" />
    <ClCompile Include="Tests\HeapNodeTest.cpp" />
    <ClCompile Include="Tests\MaxHeapTest.cpp" />
    <ClCompile Include="Tests\VectorTest.cpp" />
  </ItemGroup>
  <ItemGroup>
    <ClInclude Include="commands\CancellationCommand.h" />
    <ClInclude Include="commands\Command.h" />
    <ClInclude Include="commands\FormulationCommand.h" />
    <ClInclude Include="commands\PromotionCommand.h" />
    <ClInclude Include="Data-Structures\DoublyLinkedList.h" />
    <ClInclude Include="Data-Structures\doublyNode.h" />
    <ClInclude Include="Data-Structures\HeapNode.h" />
    <ClInclude Include="Data-Structures\Keyable.h" />
    <ClInclude Include="Data-Structures\MaxHeap.h" />
    <ClInclude Include="Data-Structures\Queue.h" />
    <ClInclude Include="Data-Structures\Node.h" />
    <ClInclude Include="Data-Structures\SortedLinkedList.h" />
    <ClInclude Include="Data-Structures\Vector.h" />
    <ClInclude Include="Defs.h" />
    <ClInclude Include="IO\ConsoleBehaviour.h" />
    <ClInclude Include="IO\FileInputDevice.h" />
    <ClInclude Include="IO\InputDevice.h" />
    <ClInclude Include="IO\InteractiveConsoleBehaviou.h" />
    <ClInclude Include="IO\Observable.h" />
    <ClInclude Include="IO\Observer.h" />
    <ClInclude Include="IO\OutputDeviceh.h" />
    <ClInclude Include="IO\OutputProcessingUnit.h" />
    <ClInclude Include="IO\SilentConsoleBehaviour.h" />
    <ClInclude Include="IO\StepConsoleBehaviou.h" />
    <ClInclude Include="IO\TestGenerator.h" />
    <ClInclude Include="Tests\HeapNodeTest.h" />
    <ClInclude Include="Tests\MaxHeapTest.h" />
    <ClInclude Include="Tests\VectorTest.h" />
  </ItemGroup>
</Project>