<?xml version="1.0" encoding="utf-8"?>
<Project ToolsVersion="4.0" xmlns="http://schemas.microsoft.com/developer/msbuild/2003">
  <ItemGroup>
    <ClCompile Include="IO\ConsoleOutputDevice.cpp">
      <Filter>Source Files</Filter>
    </ClCompile>
    <ClCompile Include="Data-Structures\DataStructureDefinitions.cpp">
      <Filter>Source Files</Filter>
    </ClCompile>
    <ClCompile Include="Data-Structures\DoublyLinkedList.cpp">
      <Filter>Source Files</Filter>
    </ClCompile>
    <ClCompile Include="Data-Structures\doublyNode.cpp">
      <Filter>Source Files</Filter>
    </ClCompile>
    <ClCompile Include="IO\FileInputDevice.cpp">
      <Filter>Source Files</Filter>
    </ClCompile>
    <ClCompile Include="commands\FormulationCommand.cpp">
      <Filter>Source Files</Filter>
    </ClCompile>
    <ClCompile Include="Data-Structures\HeapNode.cpp">
      <Filter>Source Files</Filter>
    </ClCompile>
    <ClCompile Include="Tests\HeapNodeTest.cpp">
      <Filter>Source Files</Filter>
    </ClCompile>
    <ClCompile Include="IO\InteractiveConsoleBehaviour.cpp">
      <Filter>Source Files</Filter>
    </ClCompile>
    <ClCompile Include="Data-Structures\Keyable.cpp">
      <Filter>Source Files</Filter>
    </ClCompile>
    <ClCompile Include="main.cpp">
      <Filter>Source Files</Filter>
    </ClCompile>
    <ClCompile Include="Data-Structures\MaxHeap.cpp">
      <Filter>Source Files</Filter>
    </ClCompile>
    <ClCompile Include="Tests\MaxHeapTest.cpp">
      <Filter>Source Files</Filter>
    </ClCompile>
    <ClCompile Include="Data-Structures\Node.cpp">
      <Filter>Source Files</Filter>
    </ClCompile>
    <ClCompile Include="IO\OutputProcessingUnit.cpp">
      <Filter>Source Files</Filter>
    </ClCompile>
    <ClCompile Include="commands\PromotionCommand.cpp">
      <Filter>Source Files</Filter>
    </ClCompile>
    <ClCompile Include="Data-Structures\Queue.cpp">
      <Filter>Source Files</Filter>
    </ClCompile>
    <ClCompile Include="IO\SilentConsoleBehaviour.cpp">
      <Filter>Source Files</Filter>
    </ClCompile>
    <ClCompile Include="Data-Structures\SortedLinkedList.cpp">
      <Filter>Source Files</Filter>
    </ClCompile>
    <ClCompile Include="IO\StepConsoleBehaviour.cpp">
      <Filter>Source Files</Filter>
    </ClCompile>
    <ClCompile Include="IO\TestGenerator.cpp">
      <Filter>Source Files</Filter>
    </ClCompile>
    <ClCompile Include="Data-Structures\Vector.cpp">
      <Filter>Source Files</Filter>
    </ClCompile>
    <ClCompile Include="Tests\VectorTest.cpp">
      <Filter>Source Files</Filter>
    </ClCompile>
    <ClCompile Include="commands\CancellationCommand.cpp">
      <Filter>Source Files</Filter>
    </ClCompile>
    <ClCompile Include="IO\ConsoleProcessingBehavior.cpp">
      <Filter>Source Files</Filter>
    </ClCompile>
    <ClCompile Include="IO\FileProcessingBehavior.cpp">
      <Filter>Source Files</Filter>
    </ClCompile>
    <ClCompile Include="IO\InputProcessingUnit.cpp">
      <Filter>Source Files</Filter>
    </ClCompile>
    <ClCompile Include="Tests\InputProcessingUnitTest.cpp">
      <Filter>Source Files</Filter>
    </ClCompile>
    <ClCompile Include="IO\FileOutputDevice.cpp">
      <Filter>Source Files</Filter>
    </ClCompile>
    <ClCompile Include="IO\OutputDeviceh.cpp">
      <Filter>Source Files</Filter>
    </ClCompile>
    <ClCompile Include="SimulationManager.cpp">
      <Filter>Source Files</Filter>
    </ClCompile>
    <ClCompile Include="Logic-Unit\LogicalProcessingUnit.cpp">
      <Filter>Source Files</Filter>
    </ClCompile>
    <ClCompile Include="commands\Command.cpp">
      <Filter>Source Files</Filter>
    </ClCompile>
    <ClCompile Include="Data-Structures\Rover.cpp">
      <Filter>Source Files</Filter>
    </ClCompile>
  </ItemGroup>
  <ItemGroup>
    <ClInclude Include="commands\CancellationCommand.h">
      <Filter>Header Files</Filter>
    </ClInclude>
    <ClInclude Include="commands\Command.h">
      <Filter>Header Files</Filter>
    </ClInclude>
    <ClInclude Include="IO\ConsoleBehaviour.h">
      <Filter>Header Files</Filter>
    </ClInclude>
    <ClInclude Include="Defs.h">
      <Filter>Header Files</Filter>
    </ClInclude>
    <ClInclude Include="Data-Structures\DoublyLinkedList.h">
      <Filter>Header Files</Filter>
    </ClInclude>
    <ClInclude Include="Data-Structures\doublyNode.h">
      <Filter>Header Files</Filter>
    </ClInclude>
    <ClInclude Include="IO\FileInputDevice.h">
      <Filter>Header Files</Filter>
    </ClInclude>
    <ClInclude Include="commands\FormulationCommand.h">
      <Filter>Header Files</Filter>
    </ClInclude>
    <ClInclude Include="Data-Structures\HeapNode.h">
      <Filter>Header Files</Filter>
    </ClInclude>
    <ClInclude Include="Tests\HeapNodeTest.h">
      <Filter>Header Files</Filter>
    </ClInclude>
    <ClInclude Include="IO\InputDevice.h">
      <Filter>Header Files</Filter>
    </ClInclude>
    <ClInclude Include="IO\InteractiveConsoleBehaviour.h">
      <Filter>Header Files</Filter>
    </ClInclude>
    <ClInclude Include="Data-Structures\Keyable.h">
      <Filter>Header Files</Filter>
    </ClInclude>
    <ClInclude Include="Data-Structures\MaxHeap.h">
      <Filter>Header Files</Filter>
    </ClInclude>
    <ClInclude Include="Tests\MaxHeapTest.h">
      <Filter>Header Files</Filter>
    </ClInclude>
    <ClInclude Include="Data-Structures\Node.h">
      <Filter>Header Files</Filter>
    </ClInclude>
    <ClInclude Include="IO\Observable.h">
      <Filter>Header Files</Filter>
    </ClInclude>
    <ClInclude Include="IO\Observer.h">
      <Filter>Header Files</Filter>
    </ClInclude>
    <ClInclude Include="IO\OutputDeviceh.h">
      <Filter>Header Files</Filter>
    </ClInclude>
    <ClInclude Include="IO\OutputProcessingUnit.h">
      <Filter>Header Files</Filter>
    </ClInclude>
    <ClInclude Include="commands\PromotionCommand.h">
      <Filter>Header Files</Filter>
    </ClInclude>
    <ClInclude Include="Data-Structures\Queue.h">
      <Filter>Header Files</Filter>
    </ClInclude>
    <ClInclude Include="IO\SilentConsoleBehaviour.h">
      <Filter>Header Files</Filter>
    </ClInclude>
    <ClInclude Include="Data-Structures\SortedLinkedList.h">
      <Filter>Header Files</Filter>
    </ClInclude>
    <ClInclude Include="IO\StepConsoleBehaviour.h">
      <Filter>Header Files</Filter>
    </ClInclude>
    <ClInclude Include="IO\TestGenerator.h">
      <Filter>Header Files</Filter>
    </ClInclude>
    <ClInclude Include="Data-Structures\Vector.h">
      <Filter>Header Files</Filter>
    </ClInclude>
    <ClInclude Include="Tests\VectorTest.h">
      <Filter>Header Files</Filter>
    </ClInclude>
    <ClInclude Include="Data-Structures\Mission.h">
      <Filter>Header Files</Filter>
    </ClInclude>
    <ClInclude Include="Data-Structures\Rover.h">
      <Filter>Header Files</Filter>
    </ClInclude>
    <ClInclude Include="IO\ConsoleProcessingBehavior.h">
      <Filter>Header Files</Filter>
    </ClInclude>
    <ClInclude Include="IO\ProcessingBehavior.h">
      <Filter>Header Files</Filter>
    </ClInclude>
    <ClInclude Include="Data-Structures\InExecution.h">
      <Filter>Header Files</Filter>
    </ClInclude>
    <ClInclude Include="IO\FileProcessingBehavior.h">
      <Filter>Header Files</Filter>
    </ClInclude>
    <ClInclude Include="IO\InputProcessingUnit.h">
      <Filter>Header Files</Filter>
    </ClInclude>
    <ClInclude Include="Tests\InputProcessingUnitTest.h">
      <Filter>Header Files</Filter>
    </ClInclude>
    <ClInclude Include="IO\FileOutputDevice.h">
      <Filter>Header Files</Filter>
    </ClInclude>
    <ClInclude Include="SimulationManager.h">
      <Filter>Header Files</Filter>
    </ClInclude>
    <ClInclude Include="IO\ConsoleOutputDevice.h">
      <Filter>Header Files</Filter>
    </ClInclude>
    <ClInclude Include="Data-Structures\StationData.h">
      <Filter>Header Files</Filter>
    </ClInclude>
    <ClInclude Include="Logic-Unit\LogicalProcessingUnit.h">
      <Filter>Header Files</Filter>
    </ClInclude>
  </ItemGroup>
  <ItemGroup>
    <Filter Include="Header Files">
      <UniqueIdentifier>{8e5ed390-c4a9-46ef-8be5-4c3abd51677c}</UniqueIdentifier>
    </Filter>
    <Filter Include="Source Files">
      <UniqueIdentifier>{715b045b-7883-4f76-9873-cd8afc98006b}</UniqueIdentifier>
    </Filter>
  </ItemGroup>
</Project>